// !$*UTF8*$!
{
	archiveVersion = 1;
	classes = {
	};
	objectVersion = 42;
	objects = {

/* Begin PBXBuildFile section */
		1A1F158C0B292C7B00C5C9EC /* LiveScraper.m in Sources */ = {isa = PBXBuildFile; fileRef = 1A1F158B0B292C7B00C5C9EC /* LiveScraper.m */; };
		1A1F15AD0B29406500C5C9EC /* Friend.m in Sources */ = {isa = PBXBuildFile; fileRef = 1A1F15AC0B29406500C5C9EC /* Friend.m */; };
		1A1F15B90B2941EE00C5C9EC /* Game.m in Sources */ = {isa = PBXBuildFile; fileRef = 1A1F15B80B2941EE00C5C9EC /* Game.m */; };
		1A9BB76A0B2BE510006997CF /* XBNotable.m in Sources */ = {isa = PBXBuildFile; fileRef = 1A9BB7690B2BE510006997CF /* XBNotable.m */; };
		1A9BB7A80B2BEB2E006997CF /* Growl-WithInstaller.framework in Frameworks */ = {isa = PBXBuildFile; fileRef = 1A9BB7A70B2BEB2E006997CF /* Growl-WithInstaller.framework */; };
		1A9BB7BD0B2BEB73006997CF /* Growl-WithInstaller.framework in CopyFiles */ = {isa = PBXBuildFile; fileRef = 1A9BB7A70B2BEB2E006997CF /* Growl-WithInstaller.framework */; };
		1A9BB9B70B2C0800006997CF /* CoreFoundation.framework in Frameworks */ = {isa = PBXBuildFile; fileRef = 1A9BB9B40B2C0800006997CF /* CoreFoundation.framework */; };
		1A9BB9B80B2C0800006997CF /* CoreServices.framework in Frameworks */ = {isa = PBXBuildFile; fileRef = 1A9BB9B50B2C0800006997CF /* CoreServices.framework */; };
		1A9BB9B90B2C0800006997CF /* Security.framework in Frameworks */ = {isa = PBXBuildFile; fileRef = 1A9BB9B60B2C0800006997CF /* Security.framework */; };
		40718CD70B499927006256B4 /* Message.h in CopyFiles */ = {isa = PBXBuildFile; fileRef = 40718CD50B499927006256B4 /* Message.h */; };
		40718CD80B499927006256B4 /* Message.m in Sources */ = {isa = PBXBuildFile; fileRef = 40718CD60B499927006256B4 /* Message.m */; };
		408BFF3A0B288C40006F1EA6 /* WebKit.framework in Frameworks */ = {isa = PBXBuildFile; fileRef = 408BFF390B288C40006F1EA6 /* WebKit.framework */; };
		408BFF410B288D90006F1EA6 /* AppController.m in Sources */ = {isa = PBXBuildFile; fileRef = 408BFF400B288D90006F1EA6 /* AppController.m */; };
		40BB99280B360DB8007FB795 /* QuickNSInvocation.h in CopyFiles */ = {isa = PBXBuildFile; fileRef = 40BB99260B360DB8007FB795 /* QuickNSInvocation.h */; };
		40BB99290B360DB8007FB795 /* QuickNSInvocation.m in Sources */ = {isa = PBXBuildFile; fileRef = 40BB99270B360DB8007FB795 /* QuickNSInvocation.m */; };
		8D11072A0486CEB800E47090 /* MainMenu.nib in Resources */ = {isa = PBXBuildFile; fileRef = 29B97318FDCFA39411CA2CEA /* MainMenu.nib */; };
		8D11072B0486CEB800E47090 /* InfoPlist.strings in Resources */ = {isa = PBXBuildFile; fileRef = 089C165CFE840E0CC02AAC07 /* InfoPlist.strings */; };
		8D11072D0486CEB800E47090 /* main.m in Sources */ = {isa = PBXBuildFile; fileRef = 29B97316FDCFA39411CA2CEA /* main.m */; settings = {ATTRIBUTES = (); }; };
		8D11072F0486CEB800E47090 /* Cocoa.framework in Frameworks */ = {isa = PBXBuildFile; fileRef = 1058C7A1FEA54F0111CA2CBB /* Cocoa.framework */; };
/* End PBXBuildFile section */

/* Begin PBXCopyFilesBuildPhase section */
		1A9BB7B20B2BEB44006997CF /* CopyFiles */ = {
			isa = PBXCopyFilesBuildPhase;
			buildActionMask = 2147483647;
			dstPath = "";
			dstSubfolderSpec = 10;
			files = (
				1A9BB7BD0B2BEB73006997CF /* Growl-WithInstaller.framework in CopyFiles */,
				40BB99280B360DB8007FB795 /* QuickNSInvocation.h in CopyFiles */,
				40718CD70B499927006256B4 /* Message.h in CopyFiles */,
			);
			runOnlyForDeploymentPostprocessing = 0;
		};
/* End PBXCopyFilesBuildPhase section */

/* Begin PBXFileReference section */
		089C165DFE840E0CC02AAC07 /* English */ = {isa = PBXFileReference; fileEncoding = 10; lastKnownFileType = text.plist.strings; name = English; path = English.lproj/InfoPlist.strings; sourceTree = "<group>"; };
		1058C7A1FEA54F0111CA2CBB /* Cocoa.framework */ = {isa = PBXFileReference; lastKnownFileType = wrapper.framework; name = Cocoa.framework; path = /System/Library/Frameworks/Cocoa.framework; sourceTree = "<absolute>"; };
		13E42FB307B3F0F600E4EEF1 /* CoreData.framework */ = {isa = PBXFileReference; lastKnownFileType = wrapper.framework; name = CoreData.framework; path = /System/Library/Frameworks/CoreData.framework; sourceTree = "<absolute>"; };
		1A1F158A0B292C7B00C5C9EC /* LiveScraper.h */ = {isa = PBXFileReference; fileEncoding = 4; lastKnownFileType = sourcecode.c.h; path = LiveScraper.h; sourceTree = "<group>"; };
		1A1F158B0B292C7B00C5C9EC /* LiveScraper.m */ = {isa = PBXFileReference; fileEncoding = 4; lastKnownFileType = sourcecode.c.objc; path = LiveScraper.m; sourceTree = "<group>"; };
		1A1F15AB0B29406500C5C9EC /* Friend.h */ = {isa = PBXFileReference; fileEncoding = 4; lastKnownFileType = sourcecode.c.h; path = Friend.h; sourceTree = "<group>"; };
		1A1F15AC0B29406500C5C9EC /* Friend.m */ = {isa = PBXFileReference; fileEncoding = 4; lastKnownFileType = sourcecode.c.objc; path = Friend.m; sourceTree = "<group>"; };
		1A1F15B70B2941EE00C5C9EC /* Game.h */ = {isa = PBXFileReference; fileEncoding = 4; lastKnownFileType = sourcecode.c.h; path = Game.h; sourceTree = "<group>"; };
		1A1F15B80B2941EE00C5C9EC /* Game.m */ = {isa = PBXFileReference; fileEncoding = 4; lastKnownFileType = sourcecode.c.objc; path = Game.m; sourceTree = "<group>"; };
		1A9BB7680B2BE510006997CF /* XBNotable.h */ = {isa = PBXFileReference; fileEncoding = 4; lastKnownFileType = sourcecode.c.h; path = XBNotable.h; sourceTree = "<group>"; };
		1A9BB7690B2BE510006997CF /* XBNotable.m */ = {isa = PBXFileReference; fileEncoding = 4; lastKnownFileType = sourcecode.c.objc; path = XBNotable.m; sourceTree = "<group>"; };
		1A9BB7A70B2BEB2E006997CF /* Growl-WithInstaller.framework */ = {isa = PBXFileReference; lastKnownFileType = wrapper.framework; path = "Growl-WithInstaller.framework"; sourceTree = "<group>"; };
		1A9BB9B40B2C0800006997CF /* CoreFoundation.framework */ = {isa = PBXFileReference; lastKnownFileType = wrapper.framework; name = CoreFoundation.framework; path = /System/Library/Frameworks/CoreFoundation.framework; sourceTree = "<absolute>"; };
		1A9BB9B50B2C0800006997CF /* CoreServices.framework */ = {isa = PBXFileReference; lastKnownFileType = wrapper.framework; name = CoreServices.framework; path = /System/Library/Frameworks/CoreServices.framework; sourceTree = "<absolute>"; };
		1A9BB9B60B2C0800006997CF /* Security.framework */ = {isa = PBXFileReference; lastKnownFileType = wrapper.framework; name = Security.framework; path = /System/Library/Frameworks/Security.framework; sourceTree = "<absolute>"; };
		29B97316FDCFA39411CA2CEA /* main.m */ = {isa = PBXFileReference; fileEncoding = 4; lastKnownFileType = sourcecode.c.objc; path = main.m; sourceTree = "<group>"; };
		29B97319FDCFA39411CA2CEA /* English */ = {isa = PBXFileReference; lastKnownFileType = wrapper.nib; name = English; path = English.lproj/MainMenu.nib; sourceTree = "<group>"; };
		29B97324FDCFA39411CA2CEA /* AppKit.framework */ = {isa = PBXFileReference; lastKnownFileType = wrapper.framework; name = AppKit.framework; path = /System/Library/Frameworks/AppKit.framework; sourceTree = "<absolute>"; };
		29B97325FDCFA39411CA2CEA /* Foundation.framework */ = {isa = PBXFileReference; lastKnownFileType = wrapper.framework; name = Foundation.framework; path = /System/Library/Frameworks/Foundation.framework; sourceTree = "<absolute>"; };
		32CA4F630368D1EE00C91783 /* MacLive_Prefix.pch */ = {isa = PBXFileReference; fileEncoding = 4; lastKnownFileType = sourcecode.c.h; path = MacLive_Prefix.pch; sourceTree = "<group>"; };
		40718CD50B499927006256B4 /* Message.h */ = {isa = PBXFileReference; fileEncoding = 4; lastKnownFileType = sourcecode.c.h; path = Message.h; sourceTree = "<group>"; };
		40718CD60B499927006256B4 /* Message.m */ = {isa = PBXFileReference; fileEncoding = 4; lastKnownFileType = sourcecode.c.objc; path = Message.m; sourceTree = "<group>"; };
		408BFF390B288C40006F1EA6 /* WebKit.framework */ = {isa = PBXFileReference; lastKnownFileType = wrapper.framework; name = WebKit.framework; path = /System/Library/Frameworks/WebKit.framework; sourceTree = "<absolute>"; };
		408BFF3F0B288D90006F1EA6 /* AppController.h */ = {isa = PBXFileReference; fileEncoding = 30; lastKnownFileType = sourcecode.c.h; path = AppController.h; sourceTree = "<group>"; };
		408BFF400B288D90006F1EA6 /* AppController.m */ = {isa = PBXFileReference; fileEncoding = 30; lastKnownFileType = sourcecode.c.objc; path = AppController.m; sourceTree = "<group>"; };
		40BB99260B360DB8007FB795 /* QuickNSInvocation.h */ = {isa = PBXFileReference; fileEncoding = 4; lastKnownFileType = sourcecode.c.h; path = QuickNSInvocation.h; sourceTree = "<group>"; };
		40BB99270B360DB8007FB795 /* QuickNSInvocation.m */ = {isa = PBXFileReference; fileEncoding = 4; lastKnownFileType = sourcecode.c.objc; path = QuickNSInvocation.m; sourceTree = "<group>"; };
		8D1107310486CEB800E47090 /* Info.plist */ = {isa = PBXFileReference; fileEncoding = 4; lastKnownFileType = text.plist; path = Info.plist; sourceTree = "<group>"; };
		8D1107320486CEB800E47090 /* MacLive.app */ = {isa = PBXFileReference; explicitFileType = wrapper.application; includeInIndex = 0; path = MacLive.app; sourceTree = BUILT_PRODUCTS_DIR; };
/* End PBXFileReference section */

/* Begin PBXFrameworksBuildPhase section */
		8D11072E0486CEB800E47090 /* Frameworks */ = {
			isa = PBXFrameworksBuildPhase;
			buildActionMask = 2147483647;
			files = (
				8D11072F0486CEB800E47090 /* Cocoa.framework in Frameworks */,
				408BFF3A0B288C40006F1EA6 /* WebKit.framework in Frameworks */,
				1A9BB7A80B2BEB2E006997CF /* Growl-WithInstaller.framework in Frameworks */,
				1A9BB9B70B2C0800006997CF /* CoreFoundation.framework in Frameworks */,
				1A9BB9B80B2C0800006997CF /* CoreServices.framework in Frameworks */,
				1A9BB9B90B2C0800006997CF /* Security.framework in Frameworks */,
			);
			runOnlyForDeploymentPostprocessing = 0;
		};
/* End PBXFrameworksBuildPhase section */

/* Begin PBXGroup section */
		080E96DDFE201D6D7F000001 /* Classes */ = {
			isa = PBXGroup;
			children = (
				408BFF3F0B288D90006F1EA6 /* AppController.h */,
				408BFF400B288D90006F1EA6 /* AppController.m */,
				1A1F158A0B292C7B00C5C9EC /* LiveScraper.h */,
				1A1F158B0B292C7B00C5C9EC /* LiveScraper.m */,
				1A1F15AB0B29406500C5C9EC /* Friend.h */,
				1A1F15AC0B29406500C5C9EC /* Friend.m */,
				1A1F15B70B2941EE00C5C9EC /* Game.h */,
				1A1F15B80B2941EE00C5C9EC /* Game.m */,
				1A9BB7680B2BE510006997CF /* XBNotable.h */,
				1A9BB7690B2BE510006997CF /* XBNotable.m */,
				40BB99260B360DB8007FB795 /* QuickNSInvocation.h */,
				40BB99270B360DB8007FB795 /* QuickNSInvocation.m */,
				40718CD50B499927006256B4 /* Message.h */,
				40718CD60B499927006256B4 /* Message.m */,
			);
			name = Classes;
			sourceTree = "<group>";
		};
		1058C7A0FEA54F0111CA2CBB /* Linked Frameworks */ = {
			isa = PBXGroup;
			children = (
				1A9BB9B40B2C0800006997CF /* CoreFoundation.framework */,
				1A9BB9B50B2C0800006997CF /* CoreServices.framework */,
				1A9BB9B60B2C0800006997CF /* Security.framework */,
				408BFF390B288C40006F1EA6 /* WebKit.framework */,
				1058C7A1FEA54F0111CA2CBB /* Cocoa.framework */,
			);
			name = "Linked Frameworks";
			sourceTree = "<group>";
		};
		1058C7A2FEA54F0111CA2CBB /* Other Frameworks */ = {
			isa = PBXGroup;
			children = (
				1A9BB7A70B2BEB2E006997CF /* Growl-WithInstaller.framework */,
				29B97324FDCFA39411CA2CEA /* AppKit.framework */,
				13E42FB307B3F0F600E4EEF1 /* CoreData.framework */,
				29B97325FDCFA39411CA2CEA /* Foundation.framework */,
			);
			name = "Other Frameworks";
			sourceTree = "<group>";
		};
		19C28FACFE9D520D11CA2CBB /* Products */ = {
			isa = PBXGroup;
			children = (
				8D1107320486CEB800E47090 /* MacLive.app */,
			);
			name = Products;
			sourceTree = "<group>";
		};
		29B97314FDCFA39411CA2CEA /* MacLive */ = {
			isa = PBXGroup;
			children = (
				080E96DDFE201D6D7F000001 /* Classes */,
				29B97315FDCFA39411CA2CEA /* Other Sources */,
				29B97317FDCFA39411CA2CEA /* Resources */,
				29B97323FDCFA39411CA2CEA /* Frameworks */,
				19C28FACFE9D520D11CA2CBB /* Products */,
			);
			name = MacLive;
			sourceTree = "<group>";
		};
		29B97315FDCFA39411CA2CEA /* Other Sources */ = {
			isa = PBXGroup;
			children = (
				32CA4F630368D1EE00C91783 /* MacLive_Prefix.pch */,
				29B97316FDCFA39411CA2CEA /* main.m */,
			);
			name = "Other Sources";
			sourceTree = "<group>";
		};
		29B97317FDCFA39411CA2CEA /* Resources */ = {
			isa = PBXGroup;
			children = (
				8D1107310486CEB800E47090 /* Info.plist */,
				089C165CFE840E0CC02AAC07 /* InfoPlist.strings */,
				29B97318FDCFA39411CA2CEA /* MainMenu.nib */,
			);
			name = Resources;
			sourceTree = "<group>";
		};
		29B97323FDCFA39411CA2CEA /* Frameworks */ = {
			isa = PBXGroup;
			children = (
				1058C7A0FEA54F0111CA2CBB /* Linked Frameworks */,
				1058C7A2FEA54F0111CA2CBB /* Other Frameworks */,
			);
			name = Frameworks;
			sourceTree = "<group>";
		};
/* End PBXGroup section */

/* Begin PBXNativeTarget section */
		8D1107260486CEB800E47090 /* MacLive */ = {
			isa = PBXNativeTarget;
			buildConfigurationList = C01FCF4A08A954540054247B /* Build configuration list for PBXNativeTarget "MacLive" */;
			buildPhases = (
				1A9BB7B20B2BEB44006997CF /* CopyFiles */,
				8D1107290486CEB800E47090 /* Resources */,
				8D11072C0486CEB800E47090 /* Sources */,
				8D11072E0486CEB800E47090 /* Frameworks */,
			);
			buildRules = (
			);
			dependencies = (
			);
			name = MacLive;
			productInstallPath = "$(HOME)/Applications";
			productName = MacLive;
			productReference = 8D1107320486CEB800E47090 /* MacLive.app */;
			productType = "com.apple.product-type.application";
		};
/* End PBXNativeTarget section */

/* Begin PBXProject section */
		29B97313FDCFA39411CA2CEA /* Project object */ = {
			isa = PBXProject;
			buildConfigurationList = C01FCF4E08A954540054247B /* Build configuration list for PBXProject "MacLive" */;
			hasScannedForEncodings = 1;
			mainGroup = 29B97314FDCFA39411CA2CEA /* MacLive */;
			projectDirPath = "";
			targets = (
				8D1107260486CEB800E47090 /* MacLive */,
			);
		};
/* End PBXProject section */

/* Begin PBXResourcesBuildPhase section */
		8D1107290486CEB800E47090 /* Resources */ = {
			isa = PBXResourcesBuildPhase;
			buildActionMask = 2147483647;
			files = (
				8D11072A0486CEB800E47090 /* MainMenu.nib in Resources */,
				8D11072B0486CEB800E47090 /* InfoPlist.strings in Resources */,
			);
			runOnlyForDeploymentPostprocessing = 0;
		};
/* End PBXResourcesBuildPhase section */

/* Begin PBXSourcesBuildPhase section */
		8D11072C0486CEB800E47090 /* Sources */ = {
			isa = PBXSourcesBuildPhase;
			buildActionMask = 2147483647;
			files = (
				8D11072D0486CEB800E47090 /* main.m in Sources */,
				408BFF410B288D90006F1EA6 /* AppController.m in Sources */,
				1A1F158C0B292C7B00C5C9EC /* LiveScraper.m in Sources */,
				1A1F15AD0B29406500C5C9EC /* Friend.m in Sources */,
				1A1F15B90B2941EE00C5C9EC /* Game.m in Sources */,
				1A9BB76A0B2BE510006997CF /* XBNotable.m in Sources */,
				40BB99290B360DB8007FB795 /* QuickNSInvocation.m in Sources */,
				40718CD80B499927006256B4 /* Message.m in Sources */,
			);
			runOnlyForDeploymentPostprocessing = 0;
		};
/* End PBXSourcesBuildPhase section */

/* Begin PBXVariantGroup section */
		089C165CFE840E0CC02AAC07 /* InfoPlist.strings */ = {
			isa = PBXVariantGroup;
			children = (
				089C165DFE840E0CC02AAC07 /* English */,
			);
			name = InfoPlist.strings;
			sourceTree = "<group>";
		};
		29B97318FDCFA39411CA2CEA /* MainMenu.nib */ = {
			isa = PBXVariantGroup;
			children = (
				29B97319FDCFA39411CA2CEA /* English */,
			);
			name = MainMenu.nib;
			sourceTree = "<group>";
		};
/* End PBXVariantGroup section */

/* Begin XCBuildConfiguration section */
		C01FCF4B08A954540054247B /* Debug */ = {
			isa = XCBuildConfiguration;
			buildSettings = {
				COPY_PHASE_STRIP = NO;
				CURRENT_PROJECT_VERSION = 2;
				FRAMEWORK_SEARCH_PATHS = (
					"$(inherited)",
					"$(FRAMEWORK_SEARCH_PATHS_QUOTED_1)",
				);
				FRAMEWORK_SEARCH_PATHS_QUOTED_1 = "\"${SRCROOT}\"";
				GCC_DYNAMIC_NO_PIC = NO;
				GCC_ENABLE_FIX_AND_CONTINUE = YES;
				GCC_MODEL_TUNING = G5;
				GCC_OPTIMIZATION_LEVEL = 0;
				INFOPLIST_FILE = Info.plist;
				INSTALL_PATH = "$(HOME)/Applications";
				PRODUCT_NAME = MacLive;
				VERSIONING_SYSTEM = "apple-generic";
				WRAPPER_EXTENSION = app;
				ZERO_LINK = YES;
			};
			name = Debug;
		};
		C01FCF4C08A954540054247B /* Release */ = {
			isa = XCBuildConfiguration;
			buildSettings = {
				ARCHS = (
					ppc,
					i386,
				);
				CURRENT_PROJECT_VERSION = 2;
				FRAMEWORK_SEARCH_PATHS = (
					"$(inherited)",
					"$(FRAMEWORK_SEARCH_PATHS_QUOTED_1)",
				);
				FRAMEWORK_SEARCH_PATHS_QUOTED_1 = "\"${SRCROOT}\"";
				GCC_GENERATE_DEBUGGING_SYMBOLS = NO;
				GCC_MODEL_TUNING = G5;
				INFOPLIST_FILE = Info.plist;
				INSTALL_PATH = "$(HOME)/Applications";
				PRODUCT_NAME = MacLive;
				VERSIONING_SYSTEM = "apple-generic";
				WRAPPER_EXTENSION = app;
			};
			name = Release;
		};
		C01FCF4F08A954540054247B /* Debug */ = {
			isa = XCBuildConfiguration;
			buildSettings = {
				GCC_WARN_ABOUT_RETURN_TYPE = YES;
				GCC_WARN_UNUSED_VARIABLE = YES;
				PREBINDING = NO;
				SDKROOT = /Developer/SDKs/MacOSX10.4u.sdk;
			};
			name = Debug;
		};
		C01FCF5008A954540054247B /* Release */ = {
			isa = XCBuildConfiguration;
			buildSettings = {
				GCC_WARN_ABOUT_RETURN_TYPE = YES;
				GCC_WARN_UNUSED_VARIABLE = YES;
				PREBINDING = NO;
				SDKROOT = /Developer/SDKs/MacOSX10.4u.sdk;
			};
			name = Release;
		};
/* End XCBuildConfiguration section */

/* Begin XCConfigurationList section */
		C01FCF4A08A954540054247B /* Build configuration list for PBXNativeTarget "MacLive" */ = {
			isa = XCConfigurationList;
			buildConfigurations = (
				C01FCF4B08A954540054247B /* Debug */,
				C01FCF4C08A954540054247B /* Release */,
			);
			defaultConfigurationIsVisible = 0;
			defaultConfigurationName = Release;
		};
		C01FCF4E08A954540054247B /* Build configuration list for PBXProject "MacLive" */ = {
			isa = XCConfigurationList;
			buildConfigurations = (
				C01FCF4F08A954540054247B /* Debug */,
				C01FCF5008A954540054247B /* Release */,
			);
			defaultConfigurationIsVisible = 0;
			defaultConfigurationName = Release;
		};
/* End XCConfigurationList section */
	};
	rootObject = 29B97313FDCFA39411CA2CEA /* Project object */;
}
